// !$*UTF8*$!
{
	archiveVersion = 1;
	classes = {
	};
	objectVersion = 46;
	objects = {

/* Begin PBXBuildFile section */
		D33DD8421AF12A7F003D7D9B /* ADMAuthorNewsTableViewController.m in Sources */ = {isa = PBXBuildFile; fileRef = D33DD8411AF12A7F003D7D9B /* ADMAuthorNewsTableViewController.m */; };
		D33DD8451AF154D6003D7D9B /* ADMNewsReaderTableViewController.m in Sources */ = {isa = PBXBuildFile; fileRef = D33DD8441AF154D6003D7D9B /* ADMNewsReaderTableViewController.m */; };
		D33DD8481AF157D6003D7D9B /* Parse.framework in Frameworks */ = {isa = PBXBuildFile; fileRef = D33DD8461AF156CB003D7D9B /* Parse.framework */; };
		D3B871361AEDDA11003B9D24 /* main.m in Sources */ = {isa = PBXBuildFile; fileRef = D3B871351AEDDA11003B9D24 /* main.m */; };
		D3B871391AEDDA11003B9D24 /* AppDelegate.m in Sources */ = {isa = PBXBuildFile; fileRef = D3B871381AEDDA11003B9D24 /* AppDelegate.m */; };
		D3B871411AEDDA11003B9D24 /* Images.xcassets in Resources */ = {isa = PBXBuildFile; fileRef = D3B871401AEDDA11003B9D24 /* Images.xcassets */; };
		D3B871441AEDDA11003B9D24 /* LaunchScreen.xib in Resources */ = {isa = PBXBuildFile; fileRef = D3B871421AEDDA11003B9D24 /* LaunchScreen.xib */; };
		D3B871501AEDDA11003B9D24 /* Scoop_editorTests.m in Sources */ = {isa = PBXBuildFile; fileRef = D3B8714F1AEDDA11003B9D24 /* Scoop_editorTests.m */; };
		D3B871681AEDFDB6003B9D24 /* Bolts.framework in Frameworks */ = {isa = PBXBuildFile; fileRef = D3B871661AEDFDB6003B9D24 /* Bolts.framework */; };
		D3B8716B1AEDFDEB003B9D24 /* AudioToolbox.framework in Frameworks */ = {isa = PBXBuildFile; fileRef = D3B8716A1AEDFDEB003B9D24 /* AudioToolbox.framework */; };
		D3B8716D1AEDFDF1003B9D24 /* CFNetwork.framework in Frameworks */ = {isa = PBXBuildFile; fileRef = D3B8716C1AEDFDF1003B9D24 /* CFNetwork.framework */; };
		D3B8716F1AEDFDF8003B9D24 /* CoreGraphics.framework in Frameworks */ = {isa = PBXBuildFile; fileRef = D3B8716E1AEDFDF8003B9D24 /* CoreGraphics.framework */; };
		D3B871711AEDFDFF003B9D24 /* CoreLocation.framework in Frameworks */ = {isa = PBXBuildFile; fileRef = D3B871701AEDFDFF003B9D24 /* CoreLocation.framework */; };
		D3B871731AEDFE07003B9D24 /* MobileCoreServices.framework in Frameworks */ = {isa = PBXBuildFile; fileRef = D3B871721AEDFE07003B9D24 /* MobileCoreServices.framework */; };
		D3B871751AEDFE0D003B9D24 /* QuartzCore.framework in Frameworks */ = {isa = PBXBuildFile; fileRef = D3B871741AEDFE0D003B9D24 /* QuartzCore.framework */; };
		D3B871771AEDFE14003B9D24 /* Security.framework in Frameworks */ = {isa = PBXBuildFile; fileRef = D3B871761AEDFE14003B9D24 /* Security.framework */; };
		D3B871791AEDFE1C003B9D24 /* StoreKit.framework in Frameworks */ = {isa = PBXBuildFile; fileRef = D3B871781AEDFE1C003B9D24 /* StoreKit.framework */; };
		D3B8717B1AEDFE22003B9D24 /* SystemConfiguration.framework in Frameworks */ = {isa = PBXBuildFile; fileRef = D3B8717A1AEDFE22003B9D24 /* SystemConfiguration.framework */; };
		D3B8717D1AEDFE2C003B9D24 /* libz.dylib in Frameworks */ = {isa = PBXBuildFile; fileRef = D3B8717C1AEDFE2C003B9D24 /* libz.dylib */; };
		D3B8717F1AEDFE37003B9D24 /* libsqlite3.dylib in Frameworks */ = {isa = PBXBuildFile; fileRef = D3B8717E1AEDFE37003B9D24 /* libsqlite3.dylib */; };
		D3B871881AEE08F7003B9D24 /* ADMLoginViewController.m in Sources */ = {isa = PBXBuildFile; fileRef = D3B871861AEE08F7003B9D24 /* ADMLoginViewController.m */; };
		D3B871891AEE08F7003B9D24 /* ADMLoginViewController.xib in Resources */ = {isa = PBXBuildFile; fileRef = D3B871871AEE08F7003B9D24 /* ADMLoginViewController.xib */; };
		D3B8718C1AEF15FA003B9D24 /* ADMNew.m in Sources */ = {isa = PBXBuildFile; fileRef = D3B8718B1AEF15FA003B9D24 /* ADMNew.m */; };
		D3B871901AEF188B003B9D24 /* ADMNewArticleViewController.m in Sources */ = {isa = PBXBuildFile; fileRef = D3B8718E1AEF188B003B9D24 /* ADMNewArticleViewController.m */; };
		D3B871911AEF188B003B9D24 /* ADMNewArticleViewController.xib in Resources */ = {isa = PBXBuildFile; fileRef = D3B8718F1AEF188B003B9D24 /* ADMNewArticleViewController.xib */; };
/* End PBXBuildFile section */

/* Begin PBXContainerItemProxy section */
		D3B8714A1AEDDA11003B9D24 /* PBXContainerItemProxy */ = {
			isa = PBXContainerItemProxy;
			containerPortal = D3B871281AEDDA11003B9D24 /* Project object */;
			proxyType = 1;
			remoteGlobalIDString = D3B8712F1AEDDA11003B9D24;
			remoteInfo = "Scoop editor";
		};
/* End PBXContainerItemProxy section */

/* Begin PBXFileReference section */
		D33DD8401AF12A7F003D7D9B /* ADMAuthorNewsTableViewController.h */ = {isa = PBXFileReference; fileEncoding = 4; lastKnownFileType = sourcecode.c.h; path = ADMAuthorNewsTableViewController.h; sourceTree = "<group>"; };
		D33DD8411AF12A7F003D7D9B /* ADMAuthorNewsTableViewController.m */ = {isa = PBXFileReference; fileEncoding = 4; lastKnownFileType = sourcecode.c.objc; path = ADMAuthorNewsTableViewController.m; sourceTree = "<group>"; };
		D33DD8431AF154D6003D7D9B /* ADMNewsReaderTableViewController.h */ = {isa = PBXFileReference; fileEncoding = 4; lastKnownFileType = sourcecode.c.h; path = ADMNewsReaderTableViewController.h; sourceTree = "<group>"; };
		D33DD8441AF154D6003D7D9B /* ADMNewsReaderTableViewController.m */ = {isa = PBXFileReference; fileEncoding = 4; lastKnownFileType = sourcecode.c.objc; path = ADMNewsReaderTableViewController.m; sourceTree = "<group>"; };
		D33DD8461AF156CB003D7D9B /* Parse.framework */ = {isa = PBXFileReference; lastKnownFileType = wrapper.framework; path = Parse.framework; sourceTree = "<group>"; };
		D3B871301AEDDA11003B9D24 /* Scoop editor.app */ = {isa = PBXFileReference; explicitFileType = wrapper.application; includeInIndex = 0; path = "Scoop editor.app"; sourceTree = BUILT_PRODUCTS_DIR; };
		D3B871341AEDDA11003B9D24 /* Info.plist */ = {isa = PBXFileReference; lastKnownFileType = text.plist.xml; path = Info.plist; sourceTree = "<group>"; };
		D3B871351AEDDA11003B9D24 /* main.m */ = {isa = PBXFileReference; lastKnownFileType = sourcecode.c.objc; path = main.m; sourceTree = "<group>"; };
		D3B871371AEDDA11003B9D24 /* AppDelegate.h */ = {isa = PBXFileReference; lastKnownFileType = sourcecode.c.h; path = AppDelegate.h; sourceTree = "<group>"; };
		D3B871381AEDDA11003B9D24 /* AppDelegate.m */ = {isa = PBXFileReference; lastKnownFileType = sourcecode.c.objc; path = AppDelegate.m; sourceTree = "<group>"; };
		D3B871401AEDDA11003B9D24 /* Images.xcassets */ = {isa = PBXFileReference; lastKnownFileType = folder.assetcatalog; path = Images.xcassets; sourceTree = "<group>"; };
		D3B871431AEDDA11003B9D24 /* Base */ = {isa = PBXFileReference; lastKnownFileType = file.xib; name = Base; path = Base.lproj/LaunchScreen.xib; sourceTree = "<group>"; };
		D3B871491AEDDA11003B9D24 /* Scoop editorTests.xctest */ = {isa = PBXFileReference; explicitFileType = wrapper.cfbundle; includeInIndex = 0; path = "Scoop editorTests.xctest"; sourceTree = BUILT_PRODUCTS_DIR; };
		D3B8714E1AEDDA11003B9D24 /* Info.plist */ = {isa = PBXFileReference; lastKnownFileType = text.plist.xml; path = Info.plist; sourceTree = "<group>"; };
		D3B8714F1AEDDA11003B9D24 /* Scoop_editorTests.m */ = {isa = PBXFileReference; lastKnownFileType = sourcecode.c.objc; path = Scoop_editorTests.m; sourceTree = "<group>"; };
		D3B871661AEDFDB6003B9D24 /* Bolts.framework */ = {isa = PBXFileReference; lastKnownFileType = wrapper.framework; path = Bolts.framework; sourceTree = "<group>"; };
		D3B8716A1AEDFDEB003B9D24 /* AudioToolbox.framework */ = {isa = PBXFileReference; lastKnownFileType = wrapper.framework; name = AudioToolbox.framework; path = System/Library/Frameworks/AudioToolbox.framework; sourceTree = SDKROOT; };
		D3B8716C1AEDFDF1003B9D24 /* CFNetwork.framework */ = {isa = PBXFileReference; lastKnownFileType = wrapper.framework; name = CFNetwork.framework; path = System/Library/Frameworks/CFNetwork.framework; sourceTree = SDKROOT; };
		D3B8716E1AEDFDF8003B9D24 /* CoreGraphics.framework */ = {isa = PBXFileReference; lastKnownFileType = wrapper.framework; name = CoreGraphics.framework; path = System/Library/Frameworks/CoreGraphics.framework; sourceTree = SDKROOT; };
		D3B871701AEDFDFF003B9D24 /* CoreLocation.framework */ = {isa = PBXFileReference; lastKnownFileType = wrapper.framework; name = CoreLocation.framework; path = System/Library/Frameworks/CoreLocation.framework; sourceTree = SDKROOT; };
		D3B871721AEDFE07003B9D24 /* MobileCoreServices.framework */ = {isa = PBXFileReference; lastKnownFileType = wrapper.framework; name = MobileCoreServices.framework; path = System/Library/Frameworks/MobileCoreServices.framework; sourceTree = SDKROOT; };
		D3B871741AEDFE0D003B9D24 /* QuartzCore.framework */ = {isa = PBXFileReference; lastKnownFileType = wrapper.framework; name = QuartzCore.framework; path = System/Library/Frameworks/QuartzCore.framework; sourceTree = SDKROOT; };
		D3B871761AEDFE14003B9D24 /* Security.framework */ = {isa = PBXFileReference; lastKnownFileType = wrapper.framework; name = Security.framework; path = System/Library/Frameworks/Security.framework; sourceTree = SDKROOT; };
		D3B871781AEDFE1C003B9D24 /* StoreKit.framework */ = {isa = PBXFileReference; lastKnownFileType = wrapper.framework; name = StoreKit.framework; path = System/Library/Frameworks/StoreKit.framework; sourceTree = SDKROOT; };
		D3B8717A1AEDFE22003B9D24 /* SystemConfiguration.framework */ = {isa = PBXFileReference; lastKnownFileType = wrapper.framework; name = SystemConfiguration.framework; path = System/Library/Frameworks/SystemConfiguration.framework; sourceTree = SDKROOT; };
		D3B8717C1AEDFE2C003B9D24 /* libz.dylib */ = {isa = PBXFileReference; lastKnownFileType = "compiled.mach-o.dylib"; name = libz.dylib; path = usr/lib/libz.dylib; sourceTree = SDKROOT; };
		D3B8717E1AEDFE37003B9D24 /* libsqlite3.dylib */ = {isa = PBXFileReference; lastKnownFileType = "compiled.mach-o.dylib"; name = libsqlite3.dylib; path = usr/lib/libsqlite3.dylib; sourceTree = SDKROOT; };
		D3B871851AEE08F7003B9D24 /* ADMLoginViewController.h */ = {isa = PBXFileReference; fileEncoding = 4; lastKnownFileType = sourcecode.c.h; path = ADMLoginViewController.h; sourceTree = "<group>"; };
		D3B871861AEE08F7003B9D24 /* ADMLoginViewController.m */ = {isa = PBXFileReference; fileEncoding = 4; lastKnownFileType = sourcecode.c.objc; path = ADMLoginViewController.m; sourceTree = "<group>"; };
		D3B871871AEE08F7003B9D24 /* ADMLoginViewController.xib */ = {isa = PBXFileReference; fileEncoding = 4; lastKnownFileType = file.xib; path = ADMLoginViewController.xib; sourceTree = "<group>"; };
		D3B8718A1AEF15FA003B9D24 /* ADMNew.h */ = {isa = PBXFileReference; fileEncoding = 4; lastKnownFileType = sourcecode.c.h; path = ADMNew.h; sourceTree = "<group>"; };
		D3B8718B1AEF15FA003B9D24 /* ADMNew.m */ = {isa = PBXFileReference; fileEncoding = 4; lastKnownFileType = sourcecode.c.objc; path = ADMNew.m; sourceTree = "<group>"; };
		D3B8718D1AEF188B003B9D24 /* ADMNewArticleViewController.h */ = {isa = PBXFileReference; fileEncoding = 4; lastKnownFileType = sourcecode.c.h; path = ADMNewArticleViewController.h; sourceTree = "<group>"; };
		D3B8718E1AEF188B003B9D24 /* ADMNewArticleViewController.m */ = {isa = PBXFileReference; fileEncoding = 4; lastKnownFileType = sourcecode.c.objc; path = ADMNewArticleViewController.m; sourceTree = "<group>"; };
		D3B8718F1AEF188B003B9D24 /* ADMNewArticleViewController.xib */ = {isa = PBXFileReference; fileEncoding = 4; lastKnownFileType = file.xib; path = ADMNewArticleViewController.xib; sourceTree = "<group>"; };
/* End PBXFileReference section */

/* Begin PBXFrameworksBuildPhase section */
		D3B8712D1AEDDA11003B9D24 /* Frameworks */ = {
			isa = PBXFrameworksBuildPhase;
			buildActionMask = 2147483647;
			files = (
				D33DD8481AF157D6003D7D9B /* Parse.framework in Frameworks */,
				D3B8717F1AEDFE37003B9D24 /* libsqlite3.dylib in Frameworks */,
				D3B8717D1AEDFE2C003B9D24 /* libz.dylib in Frameworks */,
				D3B8717B1AEDFE22003B9D24 /* SystemConfiguration.framework in Frameworks */,
				D3B871791AEDFE1C003B9D24 /* StoreKit.framework in Frameworks */,
				D3B871771AEDFE14003B9D24 /* Security.framework in Frameworks */,
				D3B871751AEDFE0D003B9D24 /* QuartzCore.framework in Frameworks */,
				D3B871731AEDFE07003B9D24 /* MobileCoreServices.framework in Frameworks */,
				D3B871711AEDFDFF003B9D24 /* CoreLocation.framework in Frameworks */,
				D3B8716F1AEDFDF8003B9D24 /* CoreGraphics.framework in Frameworks */,
				D3B8716D1AEDFDF1003B9D24 /* CFNetwork.framework in Frameworks */,
				D3B8716B1AEDFDEB003B9D24 /* AudioToolbox.framework in Frameworks */,
				D3B871681AEDFDB6003B9D24 /* Bolts.framework in Frameworks */,
			);
			runOnlyForDeploymentPostprocessing = 0;
		};
		D3B871461AEDDA11003B9D24 /* Frameworks */ = {
			isa = PBXFrameworksBuildPhase;
			buildActionMask = 2147483647;
			files = (
			);
			runOnlyForDeploymentPostprocessing = 0;
		};
/* End PBXFrameworksBuildPhase section */

/* Begin PBXGroup section */
		D3B871271AEDDA11003B9D24 = {
			isa = PBXGroup;
			children = (
				D3B871321AEDDA11003B9D24 /* Scoop editor */,
				D3B8714C1AEDDA11003B9D24 /* Scoop editorTests */,
				D3B871311AEDDA11003B9D24 /* Products */,
			);
			sourceTree = "<group>";
		};
		D3B871311AEDDA11003B9D24 /* Products */ = {
			isa = PBXGroup;
			children = (
				D3B871301AEDDA11003B9D24 /* Scoop editor.app */,
				D3B871491AEDDA11003B9D24 /* Scoop editorTests.xctest */,
			);
			name = Products;
			sourceTree = "<group>";
		};
		D3B871321AEDDA11003B9D24 /* Scoop editor */ = {
			isa = PBXGroup;
			children = (
				D3B871371AEDDA11003B9D24 /* AppDelegate.h */,
				D3B871381AEDDA11003B9D24 /* AppDelegate.m */,
				D3B871601AEDDF02003B9D24 /* Controllers */,
				D3B8715C1AEDDEE7003B9D24 /* Models */,
				D3B871401AEDDA11003B9D24 /* Images.xcassets */,
				D3B871421AEDDA11003B9D24 /* LaunchScreen.xib */,
				D3B871331AEDDA11003B9D24 /* Supporting Files */,
			);
			path = "Scoop editor";
			sourceTree = "<group>";
		};
		D3B871331AEDDA11003B9D24 /* Supporting Files */ = {
			isa = PBXGroup;
			children = (
				D3B871341AEDDA11003B9D24 /* Info.plist */,
				D3B871351AEDDA11003B9D24 /* main.m */,
				D3B8717E1AEDFE37003B9D24 /* libsqlite3.dylib */,
				D3B8717C1AEDFE2C003B9D24 /* libz.dylib */,
				D33DD8461AF156CB003D7D9B /* Parse.framework */,
				D3B8717A1AEDFE22003B9D24 /* SystemConfiguration.framework */,
				D3B871781AEDFE1C003B9D24 /* StoreKit.framework */,
				D3B871761AEDFE14003B9D24 /* Security.framework */,
				D3B871741AEDFE0D003B9D24 /* QuartzCore.framework */,
				D3B871721AEDFE07003B9D24 /* MobileCoreServices.framework */,
				D3B871701AEDFDFF003B9D24 /* CoreLocation.framework */,
				D3B8716E1AEDFDF8003B9D24 /* CoreGraphics.framework */,
				D3B8716C1AEDFDF1003B9D24 /* CFNetwork.framework */,
				D3B8716A1AEDFDEB003B9D24 /* AudioToolbox.framework */,
				D3B871661AEDFDB6003B9D24 /* Bolts.framework */,
			);
			name = "Supporting Files";
			sourceTree = "<group>";
		};
		D3B8714C1AEDDA11003B9D24 /* Scoop editorTests */ = {
			isa = PBXGroup;
			children = (
				D3B8714F1AEDDA11003B9D24 /* Scoop_editorTests.m */,
				D3B8714D1AEDDA11003B9D24 /* Supporting Files */,
			);
			path = "Scoop editorTests";
			sourceTree = "<group>";
		};
		D3B8714D1AEDDA11003B9D24 /* Supporting Files */ = {
			isa = PBXGroup;
			children = (
				D3B8714E1AEDDA11003B9D24 /* Info.plist */,
			);
			name = "Supporting Files";
			sourceTree = "<group>";
		};
		D3B8715C1AEDDEE7003B9D24 /* Models */ = {
			isa = PBXGroup;
			children = (
				D3B8718A1AEF15FA003B9D24 /* ADMNew.h */,
				D3B8718B1AEF15FA003B9D24 /* ADMNew.m */,
			);
			name = Models;
			sourceTree = "<group>";
		};
		D3B871601AEDDF02003B9D24 /* Controllers */ = {
			isa = PBXGroup;
			children = (
				D3B871851AEE08F7003B9D24 /* ADMLoginViewController.h */,
				D3B871861AEE08F7003B9D24 /* ADMLoginViewController.m */,
				D3B871871AEE08F7003B9D24 /* ADMLoginViewController.xib */,
				D3B8718D1AEF188B003B9D24 /* ADMNewArticleViewController.h */,
				D3B8718E1AEF188B003B9D24 /* ADMNewArticleViewController.m */,
				D3B8718F1AEF188B003B9D24 /* ADMNewArticleViewController.xib */,
				D33DD8401AF12A7F003D7D9B /* ADMAuthorNewsTableViewController.h */,
				D33DD8411AF12A7F003D7D9B /* ADMAuthorNewsTableViewController.m */,
				D33DD8431AF154D6003D7D9B /* ADMNewsReaderTableViewController.h */,
				D33DD8441AF154D6003D7D9B /* ADMNewsReaderTableViewController.m */,
			);
			name = Controllers;
			sourceTree = "<group>";
		};
/* End PBXGroup section */

/* Begin PBXNativeTarget section */
		D3B8712F1AEDDA11003B9D24 /* Scoop editor */ = {
			isa = PBXNativeTarget;
			buildConfigurationList = D3B871531AEDDA11003B9D24 /* Build configuration list for PBXNativeTarget "Scoop editor" */;
			buildPhases = (
				D3B8712C1AEDDA11003B9D24 /* Sources */,
				D3B8712D1AEDDA11003B9D24 /* Frameworks */,
				D3B8712E1AEDDA11003B9D24 /* Resources */,
			);
			buildRules = (
			);
			dependencies = (
			);
			name = "Scoop editor";
			productName = "Scoop editor";
			productReference = D3B871301AEDDA11003B9D24 /* Scoop editor.app */;
			productType = "com.apple.product-type.application";
		};
		D3B871481AEDDA11003B9D24 /* Scoop editorTests */ = {
			isa = PBXNativeTarget;
			buildConfigurationList = D3B871561AEDDA11003B9D24 /* Build configuration list for PBXNativeTarget "Scoop editorTests" */;
			buildPhases = (
				D3B871451AEDDA11003B9D24 /* Sources */,
				D3B871461AEDDA11003B9D24 /* Frameworks */,
				D3B871471AEDDA11003B9D24 /* Resources */,
			);
			buildRules = (
			);
			dependencies = (
				D3B8714B1AEDDA11003B9D24 /* PBXTargetDependency */,
			);
			name = "Scoop editorTests";
			productName = "Scoop editorTests";
			productReference = D3B871491AEDDA11003B9D24 /* Scoop editorTests.xctest */;
			productType = "com.apple.product-type.bundle.unit-test";
		};
/* End PBXNativeTarget section */

/* Begin PBXProject section */
		D3B871281AEDDA11003B9D24 /* Project object */ = {
			isa = PBXProject;
			attributes = {
				LastUpgradeCheck = 0630;
				ORGANIZATIONNAME = DiMartino;
				TargetAttributes = {
					D3B8712F1AEDDA11003B9D24 = {
						CreatedOnToolsVersion = 6.3;
						DevelopmentTeam = FX3CUE536A;
					};
					D3B871481AEDDA11003B9D24 = {
						CreatedOnToolsVersion = 6.3;
						TestTargetID = D3B8712F1AEDDA11003B9D24;
					};
				};
			};
			buildConfigurationList = D3B8712B1AEDDA11003B9D24 /* Build configuration list for PBXProject "Scoop editor" */;
			compatibilityVersion = "Xcode 3.2";
			developmentRegion = English;
			hasScannedForEncodings = 0;
			knownRegions = (
				en,
				Base,
			);
			mainGroup = D3B871271AEDDA11003B9D24;
			productRefGroup = D3B871311AEDDA11003B9D24 /* Products */;
			projectDirPath = "";
			projectRoot = "";
			targets = (
				D3B8712F1AEDDA11003B9D24 /* Scoop editor */,
				D3B871481AEDDA11003B9D24 /* Scoop editorTests */,
			);
		};
/* End PBXProject section */

/* Begin PBXResourcesBuildPhase section */
		D3B8712E1AEDDA11003B9D24 /* Resources */ = {
			isa = PBXResourcesBuildPhase;
			buildActionMask = 2147483647;
			files = (
				D3B871891AEE08F7003B9D24 /* ADMLoginViewController.xib in Resources */,
				D3B871441AEDDA11003B9D24 /* LaunchScreen.xib in Resources */,
				D3B871411AEDDA11003B9D24 /* Images.xcassets in Resources */,
				D3B871911AEF188B003B9D24 /* ADMNewArticleViewController.xib in Resources */,
			);
			runOnlyForDeploymentPostprocessing = 0;
		};
		D3B871471AEDDA11003B9D24 /* Resources */ = {
			isa = PBXResourcesBuildPhase;
			buildActionMask = 2147483647;
			files = (
			);
			runOnlyForDeploymentPostprocessing = 0;
		};
/* End PBXResourcesBuildPhase section */

/* Begin PBXSourcesBuildPhase section */
		D3B8712C1AEDDA11003B9D24 /* Sources */ = {
			isa = PBXSourcesBuildPhase;
			buildActionMask = 2147483647;
			files = (
				D3B871901AEF188B003B9D24 /* ADMNewArticleViewController.m in Sources */,
				D3B871391AEDDA11003B9D24 /* AppDelegate.m in Sources */,
				D33DD8421AF12A7F003D7D9B /* ADMAuthorNewsTableViewController.m in Sources */,
				D3B871881AEE08F7003B9D24 /* ADMLoginViewController.m in Sources */,
				D33DD8451AF154D6003D7D9B /* ADMNewsReaderTableViewController.m in Sources */,
				D3B871361AEDDA11003B9D24 /* main.m in Sources */,
				D3B8718C1AEF15FA003B9D24 /* ADMNew.m in Sources */,
			);
			runOnlyForDeploymentPostprocessing = 0;
		};
		D3B871451AEDDA11003B9D24 /* Sources */ = {
			isa = PBXSourcesBuildPhase;
			buildActionMask = 2147483647;
			files = (
				D3B871501AEDDA11003B9D24 /* Scoop_editorTests.m in Sources */,
			);
			runOnlyForDeploymentPostprocessing = 0;
		};
/* End PBXSourcesBuildPhase section */

/* Begin PBXTargetDependency section */
		D3B8714B1AEDDA11003B9D24 /* PBXTargetDependency */ = {
			isa = PBXTargetDependency;
			target = D3B8712F1AEDDA11003B9D24 /* Scoop editor */;
			targetProxy = D3B8714A1AEDDA11003B9D24 /* PBXContainerItemProxy */;
		};
/* End PBXTargetDependency section */

/* Begin PBXVariantGroup section */
		D3B871421AEDDA11003B9D24 /* LaunchScreen.xib */ = {
			isa = PBXVariantGroup;
			children = (
				D3B871431AEDDA11003B9D24 /* Base */,
			);
			name = LaunchScreen.xib;
			sourceTree = "<group>";
		};
/* End PBXVariantGroup section */

/* Begin XCBuildConfiguration section */
		D3B871511AEDDA11003B9D24 /* Debug */ = {
			isa = XCBuildConfiguration;
			buildSettings = {
				ALWAYS_SEARCH_USER_PATHS = NO;
				CLANG_CXX_LANGUAGE_STANDARD = "gnu++0x";
				CLANG_CXX_LIBRARY = "libc++";
				CLANG_ENABLE_MODULES = YES;
				CLANG_ENABLE_OBJC_ARC = YES;
				CLANG_WARN_BOOL_CONVERSION = YES;
				CLANG_WARN_CONSTANT_CONVERSION = YES;
				CLANG_WARN_DIRECT_OBJC_ISA_USAGE = YES_ERROR;
				CLANG_WARN_EMPTY_BODY = YES;
				CLANG_WARN_ENUM_CONVERSION = YES;
				CLANG_WARN_INT_CONVERSION = YES;
				CLANG_WARN_OBJC_ROOT_CLASS = YES_ERROR;
				CLANG_WARN_UNREACHABLE_CODE = YES;
				CLANG_WARN__DUPLICATE_METHOD_MATCH = YES;
				"CODE_SIGN_IDENTITY[sdk=iphoneos*]" = "iPhone Developer";
				COPY_PHASE_STRIP = NO;
				DEBUG_INFORMATION_FORMAT = "dwarf-with-dsym";
				ENABLE_STRICT_OBJC_MSGSEND = YES;
				GCC_C_LANGUAGE_STANDARD = gnu99;
				GCC_DYNAMIC_NO_PIC = NO;
				GCC_NO_COMMON_BLOCKS = YES;
				GCC_OPTIMIZATION_LEVEL = 0;
				GCC_PREPROCESSOR_DEFINITIONS = (
					"DEBUG=1",
					"$(inherited)",
				);
				GCC_SYMBOLS_PRIVATE_EXTERN = NO;
				GCC_WARN_64_TO_32_BIT_CONVERSION = YES;
				GCC_WARN_ABOUT_RETURN_TYPE = YES_ERROR;
				GCC_WARN_UNDECLARED_SELECTOR = YES;
				GCC_WARN_UNINITIALIZED_AUTOS = YES_AGGRESSIVE;
				GCC_WARN_UNUSED_FUNCTION = YES;
				GCC_WARN_UNUSED_VARIABLE = YES;
				IPHONEOS_DEPLOYMENT_TARGET = 8.3;
				MTL_ENABLE_DEBUG_INFO = YES;
				ONLY_ACTIVE_ARCH = YES;
				SDKROOT = iphoneos;
			};
			name = Debug;
		};
		D3B871521AEDDA11003B9D24 /* Release */ = {
			isa = XCBuildConfiguration;
			buildSettings = {
				ALWAYS_SEARCH_USER_PATHS = NO;
				CLANG_CXX_LANGUAGE_STANDARD = "gnu++0x";
				CLANG_CXX_LIBRARY = "libc++";
				CLANG_ENABLE_MODULES = YES;
				CLANG_ENABLE_OBJC_ARC = YES;
				CLANG_WARN_BOOL_CONVERSION = YES;
				CLANG_WARN_CONSTANT_CONVERSION = YES;
				CLANG_WARN_DIRECT_OBJC_ISA_USAGE = YES_ERROR;
				CLANG_WARN_EMPTY_BODY = YES;
				CLANG_WARN_ENUM_CONVERSION = YES;
				CLANG_WARN_INT_CONVERSION = YES;
				CLANG_WARN_OBJC_ROOT_CLASS = YES_ERROR;
				CLANG_WARN_UNREACHABLE_CODE = YES;
				CLANG_WARN__DUPLICATE_METHOD_MATCH = YES;
				"CODE_SIGN_IDENTITY[sdk=iphoneos*]" = "iPhone Developer";
				COPY_PHASE_STRIP = NO;
				DEBUG_INFORMATION_FORMAT = "dwarf-with-dsym";
				ENABLE_NS_ASSERTIONS = NO;
				ENABLE_STRICT_OBJC_MSGSEND = YES;
				GCC_C_LANGUAGE_STANDARD = gnu99;
				GCC_NO_COMMON_BLOCKS = YES;
				GCC_WARN_64_TO_32_BIT_CONVERSION = YES;
				GCC_WARN_ABOUT_RETURN_TYPE = YES_ERROR;
				GCC_WARN_UNDECLARED_SELECTOR = YES;
				GCC_WARN_UNINITIALIZED_AUTOS = YES_AGGRESSIVE;
				GCC_WARN_UNUSED_FUNCTION = YES;
				GCC_WARN_UNUSED_VARIABLE = YES;
				IPHONEOS_DEPLOYMENT_TARGET = 8.3;
				MTL_ENABLE_DEBUG_INFO = NO;
				SDKROOT = iphoneos;
				VALIDATE_PRODUCT = YES;
			};
			name = Release;
		};
		D3B871541AEDDA11003B9D24 /* Debug */ = {
			isa = XCBuildConfiguration;
			buildSettings = {
				ASSETCATALOG_COMPILER_APPICON_NAME = AppIcon;
				CODE_SIGN_IDENTITY = "iPhone Developer";
				FRAMEWORK_SEARCH_PATHS = "$(PROJECT_DIR)/Scoop editor";
				INFOPLIST_FILE = "Scoop editor/Info.plist";
				LD_RUNPATH_SEARCH_PATHS = "$(inherited) @executable_path/Frameworks";
				PRODUCT_NAME = "$(TARGET_NAME)";
			};
			name = Debug;
		};
		D3B871551AEDDA11003B9D24 /* Release */ = {
			isa = XCBuildConfiguration;
			buildSettings = {
				ASSETCATALOG_COMPILER_APPICON_NAME = AppIcon;
				CODE_SIGN_IDENTITY = "iPhone Developer";
				FRAMEWORK_SEARCH_PATHS = (
					"$(inherited)",
					"$(PROJECT_DIR)/Scoop",
					editor,
				);
				INFOPLIST_FILE = "Scoop editor/Info.plist";
				LD_RUNPATH_SEARCH_PATHS = "$(inherited) @executable_path/Frameworks";
				PRODUCT_NAME = "$(TARGET_NAME)";
			};
			name = Release;
		};
		D3B871571AEDDA11003B9D24 /* Debug */ = {
			isa = XCBuildConfiguration;
			buildSettings = {
				BUNDLE_LOADER = "$(TEST_HOST)";
				FRAMEWORK_SEARCH_PATHS = (
					"$(SDKROOT)/Developer/Library/Frameworks",
					"$(inherited)",
				);
				GCC_PREPROCESSOR_DEFINITIONS = (
					"DEBUG=1",
					"$(inherited)",
				);
				INFOPLIST_FILE = "Scoop editorTests/Info.plist";
				LD_RUNPATH_SEARCH_PATHS = "$(inherited) @executable_path/Frameworks @loader_path/Frameworks";
				PRODUCT_NAME = "$(TARGET_NAME)";
				TEST_HOST = "$(BUILT_PRODUCTS_DIR)/Scoop editor.app/Scoop editor";
			};
			name = Debug;
		};
		D3B871581AEDDA11003B9D24 /* Release */ = {
			isa = XCBuildConfiguration;
			buildSettings = {
				BUNDLE_LOADER = "$(TEST_HOST)";
				FRAMEWORK_SEARCH_PATHS = (
					"$(SDKROOT)/Developer/Library/Frameworks",
					"$(inherited)",
				);
				INFOPLIST_FILE = "Scoop editorTests/Info.plist";
				LD_RUNPATH_SEARCH_PATHS = "$(inherited) @executable_path/Frameworks @loader_path/Frameworks";
				PRODUCT_NAME = "$(TARGET_NAME)";
				TEST_HOST = "$(BUILT_PRODUCTS_DIR)/Scoop editor.app/Scoop editor";
			};
			name = Release;
		};
/* End XCBuildConfiguration section */

/* Begin XCConfigurationList section */
		D3B8712B1AEDDA11003B9D24 /* Build configuration list for PBXProject "Scoop editor" */ = {
			isa = XCConfigurationList;
			buildConfigurations = (
				D3B871511AEDDA11003B9D24 /* Debug */,
				D3B871521AEDDA11003B9D24 /* Release */,
			);
			defaultConfigurationIsVisible = 0;
			defaultConfigurationName = Release;
		};
		D3B871531AEDDA11003B9D24 /* Build configuration list for PBXNativeTarget "Scoop editor" */ = {
			isa = XCConfigurationList;
			buildConfigurations = (
				D3B871541AEDDA11003B9D24 /* Debug */,
				D3B871551AEDDA11003B9D24 /* Release */,
			);
			defaultConfigurationIsVisible = 0;
			defaultConfigurationName = Release;
		};
		D3B871561AEDDA11003B9D24 /* Build configuration list for PBXNativeTarget "Scoop editorTests" */ = {
			isa = XCConfigurationList;
			buildConfigurations = (
				D3B871571AEDDA11003B9D24 /* Debug */,
				D3B871581AEDDA11003B9D24 /* Release */,
			);
			defaultConfigurationIsVisible = 0;
			defaultConfigurationName = Release;
		};
/* End XCConfigurationList section */
	};
	rootObject = D3B871281AEDDA11003B9D24 /* Project object */;
}
